
Microsoft Visual Studio Solution File, Format Version 12.00
# Visual Studio 15
VisualStudioVersion = 15.0.27703.2035
MinimumVisualStudioVersion = 10.0.40219.1
Project("{9A19103F-16F7-4668-BE54-9A1E7A4F7556}") = "BinaryTreeAndBinarySearchTree", "BinaryTreeAndBinarySearchTree\BinaryTreeAndBinarySearchTree.csproj", "{A74F0CA9-CE3D-422A-991D-33838578B7CC}"
EndProject
Global
	GlobalSection(SolutionConfigurationPlatforms) = preSolution
		Debug|Any CPU = Debug|Any CPU
		Release|Any CPU = Release|Any CPU
	EndGlobalSection
	GlobalSection(ProjectConfigurationPlatforms) = postSolution
		{A74F0CA9-CE3D-422A-991D-33838578B7CC}.Debug|Any CPU.ActiveCfg = Debug|Any CPU
		{A74F0CA9-CE3D-422A-991D-33838578B7CC}.Debug|Any CPU.Build.0 = Debug|Any CPU
		{A74F0CA9-CE3D-422A-991D-33838578B7CC}.Release|Any CPU.ActiveCfg = Release|Any CPU
		{A74F0CA9-CE3D-422A-991D-33838578B7CC}.Release|Any CPU.Build.0 = Release|Any CPU
	EndGlobalSection
	GlobalSection(SolutionProperties) = preSolution
		HideSolutionNode = FALSE
	EndGlobalSection
	GlobalSection(ExtensibilityGlobals) = postSolution
		SolutionGuid = {93BEC62F-7A38-4DD7-9649-E2A618137EEB}
	EndGlobalSection
EndGlobal
