
Microsoft Visual Studio Solution File, Format Version 12.00
# Visual Studio 15
VisualStudioVersion = 15.0.27703.2035
MinimumVisualStudioVersion = 10.0.40219.1
Project("{FAE04EC0-301F-11D3-BF4B-00C04F79EFBC}") = "Merge2LL", "Merge2LL\Merge2LL.csproj", "{16390338-CA4B-4527-9877-A1C048369649}"
EndProject
Global
	GlobalSection(SolutionConfigurationPlatforms) = preSolution
		Debug|Any CPU = Debug|Any CPU
		Release|Any CPU = Release|Any CPU
	EndGlobalSection
	GlobalSection(ProjectConfigurationPlatforms) = postSolution
		{16390338-CA4B-4527-9877-A1C048369649}.Debug|Any CPU.ActiveCfg = Debug|Any CPU
		{16390338-CA4B-4527-9877-A1C048369649}.Debug|Any CPU.Build.0 = Debug|Any CPU
		{16390338-CA4B-4527-9877-A1C048369649}.Release|Any CPU.ActiveCfg = Release|Any CPU
		{16390338-CA4B-4527-9877-A1C048369649}.Release|Any CPU.Build.0 = Release|Any CPU
	EndGlobalSection
	GlobalSection(SolutionProperties) = preSolution
		HideSolutionNode = FALSE
	EndGlobalSection
	GlobalSection(ExtensibilityGlobals) = postSolution
		SolutionGuid = {BFC70248-FD41-47E0-92B6-657282866AC8}
	EndGlobalSection
EndGlobal
